{
  "name": "tw5-relink",
  "version": "2.6.0",
  "lockfileVersion": 3,
  "requires": true,
  "packages": {
    "": {
      "name": "tw5-relink",
      "version": "2.6.0",
      "license": "BSD-3-Clause",
      "dependencies": {
        "tiddlywiki": "^5.2.1"
      },
      "devDependencies": {
        "tiddlywiki": "^5.4.0",
        "tw5-uglify": "github:flibbles/tw5-uglify"
      }
    },
    "node_modules/tiddlywiki": {
      "version": "5.4.0",
      "resolved": "https://registry.npmjs.org/tiddlywiki/-/tiddlywiki-5.4.0.tgz",
      "integrity": "sha512-KD7kskwijrj4tOBjHY0XldQiQ2bnNNEsCXcGaYdIUeTqEMoKVK436Gkscc+qUwQE7APRyQ6t1gvbOKOLly1MvA==",
      "dev": true,
      "bin": {
        "tiddlywiki": "tiddlywiki.js"
      },
      "engines": {
        "node": ">=20.0.0"
      }
    },
    "node_modules/tw5-uglify": {
      "version": "1.11.1",
      "resolved": "git+ssh://git@github.com/flibbles/tw5-uglify.git#12f20b13bf08f1eb71891084afe658bd743fddb1",
      "dev": true,
      "license": "BSD-2-Clause",
      "dependencies": {
        "tiddlywiki": "^5.4.0"
      }
    }
  }
}
