{
  "name": "tw5-relink",
  "version": "2.5.2",
  "lockfileVersion": 3,
  "requires": true,
  "packages": {
    "": {
      "name": "tw5-relink",
      "version": "2.5.2",
      "license": "BSD-3-Clause",
      "dependencies": {
        "tiddlywiki": "^5.1.22"
      },
      "devDependencies": {
        "tw5-uglify": "github:flibbles/tw5-uglify"
      }
    },
    "node_modules/tiddlywiki": {
      "version": "5.3.8",
      "resolved": "https://registry.npmjs.org/tiddlywiki/-/tiddlywiki-5.3.8.tgz",
      "integrity": "sha512-T25acZfdhAX/lUVPY/9SXo7bMJKgSaMs5PDOb83S2WKbTCD7DnOUQ4aC3qDy0j5XqlCn4ih3mzMWct3xnQx+Mw==",
      "bin": {
        "tiddlywiki": "tiddlywiki.js"
      },
      "engines": {
        "node": ">=0.8.2"
      }
    },
    "node_modules/tw5-uglify": {
      "version": "1.10.0",
      "resolved": "git+ssh://git@github.com/flibbles/tw5-uglify.git#a43244a1b9f5c67003b945a49a36b9f062c87415",
      "dev": true,
      "license": "BSD-2-Clause",
      "dependencies": {
        "tiddlywiki": "^5.3.0"
      }
    }
  }
}
